
Microsoft Visual Studio Solution File, Format Version 12.00
# Visual Studio Version 16
VisualStudioVersion = 16.0.29519.87
MinimumVisualStudioVersion = 10.0.40219.1
Project("{54435603-DBB4-11D2-8724-00A0C9A8B90C}") = "Etiket Programı", "Etiket Programı\Etiket Programı.vdproj", "{0EDE3B68-4F75-4C2B-BB97-8D42598A75C9}"
EndProject
Global
	GlobalSection(SolutionConfigurationPlatforms) = preSolution
		Debug|Default = Debug|Default
		Release|Default = Release|Default
	EndGlobalSection
	GlobalSection(ProjectConfigurationPlatforms) = postSolution
		{0EDE3B68-4F75-4C2B-BB97-8D42598A75C9}.Debug|Default.ActiveCfg = Debug
		{0EDE3B68-4F75-4C2B-BB97-8D42598A75C9}.Debug|Default.Build.0 = Debug
		{0EDE3B68-4F75-4C2B-BB97-8D42598A75C9}.Release|Default.ActiveCfg = Release
		{0EDE3B68-4F75-4C2B-BB97-8D42598A75C9}.Release|Default.Build.0 = Release
	EndGlobalSection
	GlobalSection(SolutionProperties) = preSolution
		HideSolutionNode = FALSE
	EndGlobalSection
	GlobalSection(ExtensibilityGlobals) = postSolution
		SolutionGuid = {1D35AD60-A0EC-45FD-87F7-173874BD2100}
	EndGlobalSection
EndGlobal
